
Microsoft Visual Studio Solution File, Format Version 12.00
# Visual Studio 15
Project("{FAE04EC0-301F-11D3-BF4B-00C04F79EFBC}") = "Assembly-CSharp", "Assembly-CSharp.csproj", "{618E1D99-19EE-4E77-0F6A-9C019FABC737}"
EndProject
Project("{FAE04EC0-301F-11D3-BF4B-00C04F79EFBC}") = "EditorMigrationScripts", "EditorMigrationScripts.csproj", "{24F88BE9-4212-B9FD-5993-C8717E41163C}"
EndProject
Global
	GlobalSection(SolutionConfigurationPlatforms) = preSolution
		Debug|Any CPU = Debug|Any CPU
		Release|Any CPU = Release|Any CPU
	EndGlobalSection
	GlobalSection(ProjectConfigurationPlatforms) = postSolution
		{618E1D99-19EE-4E77-0F6A-9C019FABC737}.Debug|Any CPU.ActiveCfg = Debug|Any CPU
		{618E1D99-19EE-4E77-0F6A-9C019FABC737}.Debug|Any CPU.Build.0 = Debug|Any CPU
		{618E1D99-19EE-4E77-0F6A-9C019FABC737}.Release|Any CPU.ActiveCfg = Release|Any CPU
		{618E1D99-19EE-4E77-0F6A-9C019FABC737}.Release|Any CPU.Build.0 = Release|Any CPU
		{24F88BE9-4212-B9FD-5993-C8717E41163C}.Debug|Any CPU.ActiveCfg = Debug|Any CPU
		{24F88BE9-4212-B9FD-5993-C8717E41163C}.Debug|Any CPU.Build.0 = Debug|Any CPU
		{24F88BE9-4212-B9FD-5993-C8717E41163C}.Release|Any CPU.ActiveCfg = Release|Any CPU
		{24F88BE9-4212-B9FD-5993-C8717E41163C}.Release|Any CPU.Build.0 = Release|Any CPU
	EndGlobalSection
	GlobalSection(SolutionProperties) = preSolution
		HideSolutionNode = FALSE
	EndGlobalSection
	GlobalSection(MonoDevelopProperties) = preSolution
		StartupItem = Assembly-CSharp.csproj
	EndGlobalSection
EndGlobal
